
Microsoft Visual Studio Solution File, Format Version 12.00
# Visual Studio Version 16
VisualStudioVersion = 16.0.30621.155
MinimumVisualStudioVersion = 10.0.40219.1
Project("{FAE04EC0-301F-11D3-BF4B-00C04F79EFBC}") = "Feelwords", "Feelwords\Feelwords.csproj", "{DE6AB47C-D84B-4753-B173-5CC171F2CFFE}"
EndProject
Global
	GlobalSection(SolutionConfigurationPlatforms) = preSolution
		Debug|Any CPU = Debug|Any CPU
		Release|Any CPU = Release|Any CPU
	EndGlobalSection
	GlobalSection(ProjectConfigurationPlatforms) = postSolution
		{DE6AB47C-D84B-4753-B173-5CC171F2CFFE}.Debug|Any CPU.ActiveCfg = Debug|Any CPU
		{DE6AB47C-D84B-4753-B173-5CC171F2CFFE}.Debug|Any CPU.Build.0 = Debug|Any CPU
		{DE6AB47C-D84B-4753-B173-5CC171F2CFFE}.Release|Any CPU.ActiveCfg = Release|Any CPU
		{DE6AB47C-D84B-4753-B173-5CC171F2CFFE}.Release|Any CPU.Build.0 = Release|Any CPU
	EndGlobalSection
	GlobalSection(SolutionProperties) = preSolution
		HideSolutionNode = FALSE
	EndGlobalSection
	GlobalSection(ExtensibilityGlobals) = postSolution
		SolutionGuid = {D597BB3A-DFA8-483B-839A-FDE1FFDBFC6C}
	EndGlobalSection
EndGlobal
